Microsoft Visual Studio Solution File, Format Version 12.00
# Visual Studio 2012
Project("{FAE04EC0-301F-11D3-BF4B-00C04F79EFBC}") = "Haldric", "Haldric.csproj", "{5F42D93B-ED77-48B9-9574-B0FC93AB76FF}"
EndProject
Global
	GlobalSection(SolutionConfigurationPlatforms) = preSolution
	Debug|Any CPU = Debug|Any CPU
	ExportDebug|Any CPU = ExportDebug|Any CPU
	ExportRelease|Any CPU = ExportRelease|Any CPU
	EndGlobalSection
	GlobalSection(ProjectConfigurationPlatforms) = postSolution
		{5F42D93B-ED77-48B9-9574-B0FC93AB76FF}.Debug|Any CPU.ActiveCfg = Debug|Any CPU
		{5F42D93B-ED77-48B9-9574-B0FC93AB76FF}.Debug|Any CPU.Build.0 = Debug|Any CPU
		{5F42D93B-ED77-48B9-9574-B0FC93AB76FF}.ExportDebug|Any CPU.ActiveCfg = ExportDebug|Any CPU
		{5F42D93B-ED77-48B9-9574-B0FC93AB76FF}.ExportDebug|Any CPU.Build.0 = ExportDebug|Any CPU
		{5F42D93B-ED77-48B9-9574-B0FC93AB76FF}.ExportRelease|Any CPU.ActiveCfg = ExportRelease|Any CPU
		{5F42D93B-ED77-48B9-9574-B0FC93AB76FF}.ExportRelease|Any CPU.Build.0 = ExportRelease|Any CPU
	EndGlobalSection
EndGlobal
